// !$*UTF8*$!
{
	archiveVersion = 1;
	classes = {
	};
	objectVersion = 50;
	objects = {

/* Begin PBXBuildFile section */
		9F742963221DDBDF0071F69D /* AppDelegate.swift in Sources */ = {isa = PBXBuildFile; fileRef = 9F742962221DDBDF0071F69D /* AppDelegate.swift */; };
		9F742965221DDBDF0071F69D /* ViewController.swift in Sources */ = {isa = PBXBuildFile; fileRef = 9F742964221DDBDF0071F69D /* ViewController.swift */; };
		9F742968221DDBDF0071F69D /* Main.storyboard in Resources */ = {isa = PBXBuildFile; fileRef = 9F742966221DDBDF0071F69D /* Main.storyboard */; };
		9F74296A221DDBDF0071F69D /* Assets.xcassets in Resources */ = {isa = PBXBuildFile; fileRef = 9F742969221DDBDF0071F69D /* Assets.xcassets */; };
		9F74296D221DDBDF0071F69D /* LaunchScreen.storyboard in Resources */ = {isa = PBXBuildFile; fileRef = 9F74296B221DDBDF0071F69D /* LaunchScreen.storyboard */; };
		9F742978221DDBDF0071F69D /* Project_1Tests.swift in Sources */ = {isa = PBXBuildFile; fileRef = 9F742977221DDBDF0071F69D /* Project_1Tests.swift */; };
		9F742983221DDBDF0071F69D /* Project_1UITests.swift in Sources */ = {isa = PBXBuildFile; fileRef = 9F742982221DDBDF0071F69D /* Project_1UITests.swift */; };
/* End PBXBuildFile section */

/* Begin PBXContainerItemProxy section */
		9F742974221DDBDF0071F69D /* PBXContainerItemProxy */ = {
			isa = PBXContainerItemProxy;
			containerPortal = 9F742957221DDBDF0071F69D /* Project object */;
			proxyType = 1;
			remoteGlobalIDString = 9F74295E221DDBDF0071F69D;
			remoteInfo = "Project 1";
		};
		9F74297F221DDBDF0071F69D /* PBXContainerItemProxy */ = {
			isa = PBXContainerItemProxy;
			containerPortal = 9F742957221DDBDF0071F69D /* Project object */;
			proxyType = 1;
			remoteGlobalIDString = 9F74295E221DDBDF0071F69D;
			remoteInfo = "Project 1";
		};
/* End PBXContainerItemProxy section */

/* Begin PBXFileReference section */
		9F74295F221DDBDF0071F69D /* Project 1.app */ = {isa = PBXFileReference; explicitFileType = wrapper.application; includeInIndex = 0; path = "Project 1.app"; sourceTree = BUILT_PRODUCTS_DIR; };
		9F742962221DDBDF0071F69D /* AppDelegate.swift */ = {isa = PBXFileReference; lastKnownFileType = sourcecode.swift; path = AppDelegate.swift; sourceTree = "<group>"; };
		9F742964221DDBDF0071F69D /* ViewController.swift */ = {isa = PBXFileReference; lastKnownFileType = sourcecode.swift; path = ViewController.swift; sourceTree = "<group>"; };
		9F742967221DDBDF0071F69D /* Base */ = {isa = PBXFileReference; lastKnownFileType = file.storyboard; name = Base; path = Base.lproj/Main.storyboard; sourceTree = "<group>"; };
		9F742969221DDBDF0071F69D /* Assets.xcassets */ = {isa = PBXFileReference; lastKnownFileType = folder.assetcatalog; path = Assets.xcassets; sourceTree = "<group>"; };
		9F74296C221DDBDF0071F69D /* Base */ = {isa = PBXFileReference; lastKnownFileType = file.storyboard; name = Base; path = Base.lproj/LaunchScreen.storyboard; sourceTree = "<group>"; };
		9F74296E221DDBDF0071F69D /* Info.plist */ = {isa = PBXFileReference; lastKnownFileType = text.plist.xml; path = Info.plist; sourceTree = "<group>"; };
		9F742973221DDBDF0071F69D /* Project 1Tests.xctest */ = {isa = PBXFileReference; explicitFileType = wrapper.cfbundle; includeInIndex = 0; path = "Project 1Tests.xctest"; sourceTree = BUILT_PRODUCTS_DIR; };
		9F742977221DDBDF0071F69D /* Project_1Tests.swift */ = {isa = PBXFileReference; lastKnownFileType = sourcecode.swift; path = Project_1Tests.swift; sourceTree = "<group>"; };
		9F742979221DDBDF0071F69D /* Info.plist */ = {isa = PBXFileReference; lastKnownFileType = text.plist.xml; path = Info.plist; sourceTree = "<group>"; };
		9F74297E221DDBDF0071F69D /* Project 1UITests.xctest */ = {isa = PBXFileReference; explicitFileType = wrapper.cfbundle; includeInIndex = 0; path = "Project 1UITests.xctest"; sourceTree = BUILT_PRODUCTS_DIR; };
		9F742982221DDBDF0071F69D /* Project_1UITests.swift */ = {isa = PBXFileReference; lastKnownFileType = sourcecode.swift; path = Project_1UITests.swift; sourceTree = "<group>"; };
		9F742984221DDBDF0071F69D /* Info.plist */ = {isa = PBXFileReference; lastKnownFileType = text.plist.xml; path = Info.plist; sourceTree = "<group>"; };
/* End PBXFileReference section */

/* Begin PBXFrameworksBuildPhase section */
		9F74295C221DDBDF0071F69D /* Frameworks */ = {
			isa = PBXFrameworksBuildPhase;
			buildActionMask = 2147483647;
			files = (
			);
			runOnlyForDeploymentPostprocessing = 0;
		};
		9F742970221DDBDF0071F69D /* Frameworks */ = {
			isa = PBXFrameworksBuildPhase;
			buildActionMask = 2147483647;
			files = (
			);
			runOnlyForDeploymentPostprocessing = 0;
		};
		9F74297B221DDBDF0071F69D /* Frameworks */ = {
			isa = PBXFrameworksBuildPhase;
			buildActionMask = 2147483647;
			files = (
			);
			runOnlyForDeploymentPostprocessing = 0;
		};
/* End PBXFrameworksBuildPhase section */

/* Begin PBXGroup section */
		9F742956221DDBDF0071F69D = {
			isa = PBXGroup;
			children = (
				9F742961221DDBDF0071F69D /* Project 1 */,
				9F742976221DDBDF0071F69D /* Project 1Tests */,
				9F742981221DDBDF0071F69D /* Project 1UITests */,
				9F742960221DDBDF0071F69D /* Products */,
			);
			sourceTree = "<group>";
		};
		9F742960221DDBDF0071F69D /* Products */ = {
			isa = PBXGroup;
			children = (
				9F74295F221DDBDF0071F69D /* Project 1.app */,
				9F742973221DDBDF0071F69D /* Project 1Tests.xctest */,
				9F74297E221DDBDF0071F69D /* Project 1UITests.xctest */,
			);
			name = Products;
			sourceTree = "<group>";
		};
		9F742961221DDBDF0071F69D /* Project 1 */ = {
			isa = PBXGroup;
			children = (
				9F742962221DDBDF0071F69D /* AppDelegate.swift */,
				9F742964221DDBDF0071F69D /* ViewController.swift */,
				9F742966221DDBDF0071F69D /* Main.storyboard */,
				9F742969221DDBDF0071F69D /* Assets.xcassets */,
				9F74296B221DDBDF0071F69D /* LaunchScreen.storyboard */,
				9F74296E221DDBDF0071F69D /* Info.plist */,
			);
			path = "Project 1";
			sourceTree = "<group>";
		};
		9F742976221DDBDF0071F69D /* Project 1Tests */ = {
			isa = PBXGroup;
			children = (
				9F742977221DDBDF0071F69D /* Project_1Tests.swift */,
				9F742979221DDBDF0071F69D /* Info.plist */,
			);
			path = "Project 1Tests";
			sourceTree = "<group>";
		};
		9F742981221DDBDF0071F69D /* Project 1UITests */ = {
			isa = PBXGroup;
			children = (
				9F742982221DDBDF0071F69D /* Project_1UITests.swift */,
				9F742984221DDBDF0071F69D /* Info.plist */,
			);
			path = "Project 1UITests";
			sourceTree = "<group>";
		};
/* End PBXGroup section */

/* Begin PBXNativeTarget section */
		9F74295E221DDBDF0071F69D /* Project 1 */ = {
			isa = PBXNativeTarget;
			buildConfigurationList = 9F742987221DDBDF0071F69D /* Build configuration list for PBXNativeTarget "Project 1" */;
			buildPhases = (
				9F74295B221DDBDF0071F69D /* Sources */,
				9F74295C221DDBDF0071F69D /* Frameworks */,
				9F74295D221DDBDF0071F69D /* Resources */,
			);
			buildRules = (
			);
			dependencies = (
			);
			name = "Project 1";
			productName = "Project 1";
			productReference = 9F74295F221DDBDF0071F69D /* Project 1.app */;
			productType = "com.apple.product-type.application";
		};
		9F742972221DDBDF0071F69D /* Project 1Tests */ = {
			isa = PBXNativeTarget;
			buildConfigurationList = 9F74298A221DDBDF0071F69D /* Build configuration list for PBXNativeTarget "Project 1Tests" */;
			buildPhases = (
				9F74296F221DDBDF0071F69D /* Sources */,
				9F742970221DDBDF0071F69D /* Frameworks */,
				9F742971221DDBDF0071F69D /* Resources */,
			);
			buildRules = (
			);
			dependencies = (
				9F742975221DDBDF0071F69D /* PBXTargetDependency */,
			);
			name = "Project 1Tests";
			productName = "Project 1Tests";
			productReference = 9F742973221DDBDF0071F69D /* Project 1Tests.xctest */;
			productType = "com.apple.product-type.bundle.unit-test";
		};
		9F74297D221DDBDF0071F69D /* Project 1UITests */ = {
			isa = PBXNativeTarget;
			buildConfigurationList = 9F74298D221DDBDF0071F69D /* Build configuration list for PBXNativeTarget "Project 1UITests" */;
			buildPhases = (
				9F74297A221DDBDF0071F69D /* Sources */,
				9F74297B221DDBDF0071F69D /* Frameworks */,
				9F74297C221DDBDF0071F69D /* Resources */,
			);
			buildRules = (
			);
			dependencies = (
				9F742980221DDBDF0071F69D /* PBXTargetDependency */,
			);
			name = "Project 1UITests";
			productName = "Project 1UITests";
			productReference = 9F74297E221DDBDF0071F69D /* Project 1UITests.xctest */;
			productType = "com.apple.product-type.bundle.ui-testing";
		};
/* End PBXNativeTarget section */

/* Begin PBXProject section */
		9F742957221DDBDF0071F69D /* Project object */ = {
			isa = PBXProject;
			attributes = {
				LastSwiftUpdateCheck = 1010;
				LastUpgradeCheck = 1010;
				ORGANIZATIONNAME = "Rinaldi-Tierno, Veronica A";
				TargetAttributes = {
					9F74295E221DDBDF0071F69D = {
						CreatedOnToolsVersion = 10.1;
					};
					9F742972221DDBDF0071F69D = {
						CreatedOnToolsVersion = 10.1;
						TestTargetID = 9F74295E221DDBDF0071F69D;
					};
					9F74297D221DDBDF0071F69D = {
						CreatedOnToolsVersion = 10.1;
						TestTargetID = 9F74295E221DDBDF0071F69D;
					};
				};
			};
			buildConfigurationList = 9F74295A221DDBDF0071F69D /* Build configuration list for PBXProject "Project 1" */;
			compatibilityVersion = "Xcode 9.3";
			developmentRegion = en;
			hasScannedForEncodings = 0;
			knownRegions = (
				en,
				Base,
			);
			mainGroup = 9F742956221DDBDF0071F69D;
			productRefGroup = 9F742960221DDBDF0071F69D /* Products */;
			projectDirPath = "";
			projectRoot = "";
			targets = (
				9F74295E221DDBDF0071F69D /* Project 1 */,
				9F742972221DDBDF0071F69D /* Project 1Tests */,
				9F74297D221DDBDF0071F69D /* Project 1UITests */,
			);
		};
/* End PBXProject section */

/* Begin PBXResourcesBuildPhase section */
		9F74295D221DDBDF0071F69D /* Resources */ = {
			isa = PBXResourcesBuildPhase;
			buildActionMask = 2147483647;
			files = (
				9F74296D221DDBDF0071F69D /* LaunchScreen.storyboard in Resources */,
				9F74296A221DDBDF0071F69D /* Assets.xcassets in Resources */,
				9F742968221DDBDF0071F69D /* Main.storyboard in Resources */,
			);
			runOnlyForDeploymentPostprocessing = 0;
		};
		9F742971221DDBDF0071F69D /* Resources */ = {
			isa = PBXResourcesBuildPhase;
			buildActionMask = 2147483647;
			files = (
			);
			runOnlyForDeploymentPostprocessing = 0;
		};
		9F74297C221DDBDF0071F69D /* Resources */ = {
			isa = PBXResourcesBuildPhase;
			buildActionMask = 2147483647;
			files = (
			);
			runOnlyForDeploymentPostprocessing = 0;
		};
/* End PBXResourcesBuildPhase section */

/* Begin PBXSourcesBuildPhase section */
		9F74295B221DDBDF0071F69D /* Sources */ = {
			isa = PBXSourcesBuildPhase;
			buildActionMask = 2147483647;
			files = (
				9F742965221DDBDF0071F69D /* ViewController.swift in Sources */,
				9F742963221DDBDF0071F69D /* AppDelegate.swift in Sources */,
			);
			runOnlyForDeploymentPostprocessing = 0;
		};
		9F74296F221DDBDF0071F69D /* Sources */ = {
			isa = PBXSourcesBuildPhase;
			buildActionMask = 2147483647;
			files = (
				9F742978221DDBDF0071F69D /* Project_1Tests.swift in Sources */,
			);
			runOnlyForDeploymentPostprocessing = 0;
		};
		9F74297A221DDBDF0071F69D /* Sources */ = {
			isa = PBXSourcesBuildPhase;
			buildActionMask = 2147483647;
			files = (
				9F742983221DDBDF0071F69D /* Project_1UITests.swift in Sources */,
			);
			runOnlyForDeploymentPostprocessing = 0;
		};
/* End PBXSourcesBuildPhase section */

/* Begin PBXTargetDependency section */
		9F742975221DDBDF0071F69D /* PBXTargetDependency */ = {
			isa = PBXTargetDependency;
			target = 9F74295E221DDBDF0071F69D /* Project 1 */;
			targetProxy = 9F742974221DDBDF0071F69D /* PBXContainerItemProxy */;
		};
		9F742980221DDBDF0071F69D /* PBXTargetDependency */ = {
			isa = PBXTargetDependency;
			target = 9F74295E221DDBDF0071F69D /* Project 1 */;
			targetProxy = 9F74297F221DDBDF0071F69D /* PBXContainerItemProxy */;
		};
/* End PBXTargetDependency section */

/* Begin PBXVariantGroup section */
		9F742966221DDBDF0071F69D /* Main.storyboard */ = {
			isa = PBXVariantGroup;
			children = (
				9F742967221DDBDF0071F69D /* Base */,
			);
			name = Main.storyboard;
			sourceTree = "<group>";
		};
		9F74296B221DDBDF0071F69D /* LaunchScreen.storyboard */ = {
			isa = PBXVariantGroup;
			children = (
				9F74296C221DDBDF0071F69D /* Base */,
			);
			name = LaunchScreen.storyboard;
			sourceTree = "<group>";
		};
/* End PBXVariantGroup section */

/* Begin XCBuildConfiguration section */
		9F742985221DDBDF0071F69D /* Debug */ = {
			isa = XCBuildConfiguration;
			buildSettings = {
				ALWAYS_SEARCH_USER_PATHS = NO;
				CLANG_ANALYZER_NONNULL = YES;
				CLANG_ANALYZER_NUMBER_OBJECT_CONVERSION = YES_AGGRESSIVE;
				CLANG_CXX_LANGUAGE_STANDARD = "gnu++14";
				CLANG_CXX_LIBRARY = "libc++";
				CLANG_ENABLE_MODULES = YES;
				CLANG_ENABLE_OBJC_ARC = YES;
				CLANG_ENABLE_OBJC_WEAK = YES;
				CLANG_WARN_BLOCK_CAPTURE_AUTORELEASING = YES;
				CLANG_WARN_BOOL_CONVERSION = YES;
				CLANG_WARN_COMMA = YES;
				CLANG_WARN_CONSTANT_CONVERSION = YES;
				CLANG_WARN_DEPRECATED_OBJC_IMPLEMENTATIONS = YES;
				CLANG_WARN_DIRECT_OBJC_ISA_USAGE = YES_ERROR;
				CLANG_WARN_DOCUMENTATION_COMMENTS = YES;
				CLANG_WARN_EMPTY_BODY = YES;
				CLANG_WARN_ENUM_CONVERSION = YES;
				CLANG_WARN_INFINITE_RECURSION = YES;
				CLANG_WARN_INT_CONVERSION = YES;
				CLANG_WARN_NON_LITERAL_NULL_CONVERSION = YES;
				CLANG_WARN_OBJC_IMPLICIT_RETAIN_SELF = YES;
				CLANG_WARN_OBJC_LITERAL_CONVERSION = YES;
				CLANG_WARN_OBJC_ROOT_CLASS = YES_ERROR;
				CLANG_WARN_RANGE_LOOP_ANALYSIS = YES;
				CLANG_WARN_STRICT_PROTOTYPES = YES;
				CLANG_WARN_SUSPICIOUS_MOVE = YES;
				CLANG_WARN_UNGUARDED_AVAILABILITY = YES_AGGRESSIVE;
				CLANG_WARN_UNREACHABLE_CODE = YES;
				CLANG_WARN__DUPLICATE_METHOD_MATCH = YES;
				CODE_SIGN_IDENTITY = "iPhone Developer";
				COPY_PHASE_STRIP = NO;
				DEBUG_INFORMATION_FORMAT = dwarf;
				ENABLE_STRICT_OBJC_MSGSEND = YES;
				ENABLE_TESTABILITY = YES;
				GCC_C_LANGUAGE_STANDARD = gnu11;
				GCC_DYNAMIC_NO_PIC = NO;
				GCC_NO_COMMON_BLOCKS = YES;
				GCC_OPTIMIZATION_LEVEL = 0;
				GCC_PREPROCESSOR_DEFINITIONS = (
					"DEBUG=1",
					"$(inherited)",
				);
				GCC_WARN_64_TO_32_BIT_CONVERSION = YES;
				GCC_WARN_ABOUT_RETURN_TYPE = YES_ERROR;
				GCC_WARN_UNDECLARED_SELECTOR = YES;
				GCC_WARN_UNINITIALIZED_AUTOS = YES_AGGRESSIVE;
				GCC_WARN_UNUSED_FUNCTION = YES;
				GCC_WARN_UNUSED_VARIABLE = YES;
				IPHONEOS_DEPLOYMENT_TARGET = 12.1;
				MTL_ENABLE_DEBUG_INFO = INCLUDE_SOURCE;
				MTL_FAST_MATH = YES;
				ONLY_ACTIVE_ARCH = YES;
				SDKROOT = iphoneos;
				SWIFT_ACTIVE_COMPILATION_CONDITIONS = DEBUG;
				SWIFT_OPTIMIZATION_LEVEL = "-Onone";
			};
			name = Debug;
		};
		9F742986221DDBDF0071F69D /* Release */ = {
			isa = XCBuildConfiguration;
			buildSettings = {
				ALWAYS_SEARCH_USER_PATHS = NO;
				CLANG_ANALYZER_NONNULL = YES;
				CLANG_ANALYZER_NUMBER_OBJECT_CONVERSION = YES_AGGRESSIVE;
				CLANG_CXX_LANGUAGE_STANDARD = "gnu++14";
				CLANG_CXX_LIBRARY = "libc++";
				CLANG_ENABLE_MODULES = YES;
				CLANG_ENABLE_OBJC_ARC = YES;
				CLANG_ENABLE_OBJC_WEAK = YES;
				CLANG_WARN_BLOCK_CAPTURE_AUTORELEASING = YES;
				CLANG_WARN_BOOL_CONVERSION = YES;
				CLANG_WARN_COMMA = YES;
				CLANG_WARN_CONSTANT_CONVERSION = YES;
				CLANG_WARN_DEPRECATED_OBJC_IMPLEMENTATIONS = YES;
				CLANG_WARN_DIRECT_OBJC_ISA_USAGE = YES_ERROR;
				CLANG_WARN_DOCUMENTATION_COMMENTS = YES;
				CLANG_WARN_EMPTY_BODY = YES;
				CLANG_WARN_ENUM_CONVERSION = YES;
				CLANG_WARN_INFINITE_RECURSION = YES;
				CLANG_WARN_INT_CONVERSION = YES;
				CLANG_WARN_NON_LITERAL_NULL_CONVERSION = YES;
				CLANG_WARN_OBJC_IMPLICIT_RETAIN_SELF = YES;
				CLANG_WARN_OBJC_LITERAL_CONVERSION = YES;
				CLANG_WARN_OBJC_ROOT_CLASS = YES_ERROR;
				CLANG_WARN_RANGE_LOOP_ANALYSIS = YES;
				CLANG_WARN_STRICT_PROTOTYPES = YES;
				CLANG_WARN_SUSPICIOUS_MOVE = YES;
				CLANG_WARN_UNGUARDED_AVAILABILITY = YES_AGGRESSIVE;
				CLANG_WARN_UNREACHABLE_CODE = YES;
				CLANG_WARN__DUPLICATE_METHOD_MATCH = YES;
				CODE_SIGN_IDENTITY = "iPhone Developer";
				COPY_PHASE_STRIP = NO;
				DEBUG_INFORMATION_FORMAT = "dwarf-with-dsym";
				ENABLE_NS_ASSERTIONS = NO;
				ENABLE_STRICT_OBJC_MSGSEND = YES;
				GCC_C_LANGUAGE_STANDARD = gnu11;
				GCC_NO_COMMON_BLOCKS = YES;
				GCC_WARN_64_TO_32_BIT_CONVERSION = YES;
				GCC_WARN_ABOUT_RETURN_TYPE = YES_ERROR;
				GCC_WARN_UNDECLARED_SELECTOR = YES;
				GCC_WARN_UNINITIALIZED_AUTOS = YES_AGGRESSIVE;
				GCC_WARN_UNUSED_FUNCTION = YES;
				GCC_WARN_UNUSED_VARIABLE = YES;
				IPHONEOS_DEPLOYMENT_TARGET = 12.1;
				MTL_ENABLE_DEBUG_INFO = NO;
				MTL_FAST_MATH = YES;
				SDKROOT = iphoneos;
				SWIFT_COMPILATION_MODE = wholemodule;
				SWIFT_OPTIMIZATION_LEVEL = "-O";
				VALIDATE_PRODUCT = YES;
			};
			name = Release;
		};
		9F742988221DDBDF0071F69D /* Debug */ = {
			isa = XCBuildConfiguration;
			buildSettings = {
				ASSETCATALOG_COMPILER_APPICON_NAME = AppIcon;
				CODE_SIGN_STYLE = Automatic;
				INFOPLIST_FILE = "Project 1/Info.plist";
				LD_RUNPATH_SEARCH_PATHS = (
					"$(inherited)",
					"@executable_path/Frameworks",
				);
				PRODUCT_BUNDLE_IDENTIFIER = "com.veronicatierno.Project-1";
				PRODUCT_NAME = "$(TARGET_NAME)";
				SWIFT_VERSION = 4.2;
				TARGETED_DEVICE_FAMILY = "1,2";
			};
			name = Debug;
		};
		9F742989221DDBDF0071F69D /* Release */ = {
			isa = XCBuildConfiguration;
			buildSettings = {
				ASSETCATALOG_COMPILER_APPICON_NAME = AppIcon;
				CODE_SIGN_STYLE = Automatic;
				INFOPLIST_FILE = "Project 1/Info.plist";
				LD_RUNPATH_SEARCH_PATHS = (
					"$(inherited)",
					"@executable_path/Frameworks",
				);
				PRODUCT_BUNDLE_IDENTIFIER = "com.veronicatierno.Project-1";
				PRODUCT_NAME = "$(TARGET_NAME)";
				SWIFT_VERSION = 4.2;
				TARGETED_DEVICE_FAMILY = "1,2";
			};
			name = Release;
		};
		9F74298B221DDBDF0071F69D /* Debug */ = {
			isa = XCBuildConfiguration;
			buildSettings = {
				ALWAYS_EMBED_SWIFT_STANDARD_LIBRARIES = YES;
				BUNDLE_LOADER = "$(TEST_HOST)";
				CODE_SIGN_STYLE = Automatic;
				INFOPLIST_FILE = "Project 1Tests/Info.plist";
				LD_RUNPATH_SEARCH_PATHS = (
					"$(inherited)",
					"@executable_path/Frameworks",
					"@loader_path/Frameworks",
				);
				PRODUCT_BUNDLE_IDENTIFIER = "com.veronicatierno.Project-1Tests";
				PRODUCT_NAME = "$(TARGET_NAME)";
				SWIFT_VERSION = 4.2;
				TARGETED_DEVICE_FAMILY = "1,2";
				TEST_HOST = "$(BUILT_PRODUCTS_DIR)/Project 1.app/Project 1";
			};
			name = Debug;
		};
		9F74298C221DDBDF0071F69D /* Release */ = {
			isa = XCBuildConfiguration;
			buildSettings = {
				ALWAYS_EMBED_SWIFT_STANDARD_LIBRARIES = YES;
				BUNDLE_LOADER = "$(TEST_HOST)";
				CODE_SIGN_STYLE = Automatic;
				INFOPLIST_FILE = "Project 1Tests/Info.plist";
				LD_RUNPATH_SEARCH_PATHS = (
					"$(inherited)",
					"@executable_path/Frameworks",
					"@loader_path/Frameworks",
				);
				PRODUCT_BUNDLE_IDENTIFIER = "com.veronicatierno.Project-1Tests";
				PRODUCT_NAME = "$(TARGET_NAME)";
				SWIFT_VERSION = 4.2;
				TARGETED_DEVICE_FAMILY = "1,2";
				TEST_HOST = "$(BUILT_PRODUCTS_DIR)/Project 1.app/Project 1";
			};
			name = Release;
		};
		9F74298E221DDBDF0071F69D /* Debug */ = {
			isa = XCBuildConfiguration;
			buildSettings = {
				ALWAYS_EMBED_SWIFT_STANDARD_LIBRARIES = YES;
				CODE_SIGN_STYLE = Automatic;
				INFOPLIST_FILE = "Project 1UITests/Info.plist";
				LD_RUNPATH_SEARCH_PATHS = (
					"$(inherited)",
					"@executable_path/Frameworks",
					"@loader_path/Frameworks",
				);
				PRODUCT_BUNDLE_IDENTIFIER = "com.veronicatierno.Project-1UITests";
				PRODUCT_NAME = "$(TARGET_NAME)";
				SWIFT_VERSION = 4.2;
				TARGETED_DEVICE_FAMILY = "1,2";
				TEST_TARGET_NAME = "Project 1";
			};
			name = Debug;
		};
		9F74298F221DDBDF0071F69D /* Release */ = {
			isa = XCBuildConfiguration;
			buildSettings = {
				ALWAYS_EMBED_SWIFT_STANDARD_LIBRARIES = YES;
				CODE_SIGN_STYLE = Automatic;
				INFOPLIST_FILE = "Project 1UITests/Info.plist";
				LD_RUNPATH_SEARCH_PATHS = (
					"$(inherited)",
					"@executable_path/Frameworks",
					"@loader_path/Frameworks",
				);
				PRODUCT_BUNDLE_IDENTIFIER = "com.veronicatierno.Project-1UITests";
				PRODUCT_NAME = "$(TARGET_NAME)";
				SWIFT_VERSION = 4.2;
				TARGETED_DEVICE_FAMILY = "1,2";
				TEST_TARGET_NAME = "Project 1";
			};
			name = Release;
		};
/* End XCBuildConfiguration section */

/* Begin XCConfigurationList section */
		9F74295A221DDBDF0071F69D /* Build configuration list for PBXProject "Project 1" */ = {
			isa = XCConfigurationList;
			buildConfigurations = (
				9F742985221DDBDF0071F69D /* Debug */,
				9F742986221DDBDF0071F69D /* Release */,
			);
			defaultConfigurationIsVisible = 0;
			defaultConfigurationName = Release;
		};
		9F742987221DDBDF0071F69D /* Build configuration list for PBXNativeTarget "Project 1" */ = {
			isa = XCConfigurationList;
			buildConfigurations = (
				9F742988221DDBDF0071F69D /* Debug */,
				9F742989221DDBDF0071F69D /* Release */,
			);
			defaultConfigurationIsVisible = 0;
			defaultConfigurationName = Release;
		};
		9F74298A221DDBDF0071F69D /* Build configuration list for PBXNativeTarget "Project 1Tests" */ = {
			isa = XCConfigurationList;
			buildConfigurations = (
				9F74298B221DDBDF0071F69D /* Debug */,
				9F74298C221DDBDF0071F69D /* Release */,
			);
			defaultConfigurationIsVisible = 0;
			defaultConfigurationName = Release;
		};
		9F74298D221DDBDF0071F69D /* Build configuration list for PBXNativeTarget "Project 1UITests" */ = {
			isa = XCConfigurationList;
			buildConfigurations = (
				9F74298E221DDBDF0071F69D /* Debug */,
				9F74298F221DDBDF0071F69D /* Release */,
			);
			defaultConfigurationIsVisible = 0;
			defaultConfigurationName = Release;
		};
/* End XCConfigurationList section */
	};
	rootObject = 9F742957221DDBDF0071F69D /* Project object */;
}
